{
  "name": "ele_test",
  "version": "1.0.0",
  "lockfileVersion": 1,
  "requires": true,
  "dependencies": {
    "async-limiter": {
      "version": "1.0.0",
      "resolved": "https://registry.npm.taobao.org/async-limiter/download/async-limiter-1.0.0.tgz",
      "integrity": "sha1-ePrtjD0HSrgfIrTphdeehzj3IPg="
    },
    "node-int64": {
      "version": "0.4.0",
      "resolved": "https://registry.npm.taobao.org/node-int64/download/node-int64-0.4.0.tgz",
      "integrity": "sha1-h6kGXNs1XTGC2PlM4RGIuCXGijs="
    },
    "q": {
      "version": "1.5.1",
      "resolved": "https://registry.npm.taobao.org/q/download/q-1.5.1.tgz",
      "integrity": "sha1-fjL3W0E4EpHQRhHxvxQQmsAGUdc="
    },
    "thrift": {
      "version": "0.12.0",
      "resolved": "https://registry.npm.taobao.org/thrift/download/thrift-0.12.0.tgz",
      "integrity": "sha1-Z2eL66ZVykDdMHRLZUVfK5+OmRI=",
      "requires": {
        "node-int64": "^0.4.0",
        "q": "^1.5.0",
        "ws": "^5.0.0"
      }
    },
    "ws": {
      "version": "5.2.3",
      "resolved": "https://registry.npmmirror.com/ws/-/ws-5.2.3.tgz",
      "integrity": "sha512-jZArVERrMsKUatIdnLzqvcfydI85dvd/Fp1u/VOpfdDWQ4c9qWXe+VIeAbQ5FrDwciAkr+lzofXLz3Kuf26AOA==",
      "requires": {
        "async-limiter": "~1.0.0"
      }
    }
  }
}
